
Microsoft Visual Studio Solution File, Format Version 12.00
# Visual Studio Version 17
VisualStudioVersion = 17.12.35707.178
MinimumVisualStudioVersion = 10.0.40219.1
Project("{FAE04EC0-301F-11D3-BF4B-00C04F79EFBC}") = "ControlaEstoque.API", "src\ControlaEstoque.API\ControlaEstoque.API.csproj", "{DB9E7557-D9F7-46B5-9D5D-1CD3C1FFC31A}"
EndProject
Project("{E53339B2-1760-4266-BCC7-CA923CBCF16C}") = "docker-compose", "docker-compose.dcproj", "{783F4A9B-2E81-48CB-B55D-9F4C295574FE}"
EndProject
Global
	GlobalSection(SolutionConfigurationPlatforms) = preSolution
		Debug|Any CPU = Debug|Any CPU
		Release|Any CPU = Release|Any CPU
	EndGlobalSection
	GlobalSection(ProjectConfigurationPlatforms) = postSolution
		{DB9E7557-D9F7-46B5-9D5D-1CD3C1FFC31A}.Debug|Any CPU.ActiveCfg = Debug|Any CPU
		{DB9E7557-D9F7-46B5-9D5D-1CD3C1FFC31A}.Debug|Any CPU.Build.0 = Debug|Any CPU
		{DB9E7557-D9F7-46B5-9D5D-1CD3C1FFC31A}.Release|Any CPU.ActiveCfg = Release|Any CPU
		{DB9E7557-D9F7-46B5-9D5D-1CD3C1FFC31A}.Release|Any CPU.Build.0 = Release|Any CPU
		{783F4A9B-2E81-48CB-B55D-9F4C295574FE}.Debug|Any CPU.ActiveCfg = Debug|Any CPU
		{783F4A9B-2E81-48CB-B55D-9F4C295574FE}.Debug|Any CPU.Build.0 = Debug|Any CPU
		{783F4A9B-2E81-48CB-B55D-9F4C295574FE}.Release|Any CPU.ActiveCfg = Release|Any CPU
		{783F4A9B-2E81-48CB-B55D-9F4C295574FE}.Release|Any CPU.Build.0 = Release|Any CPU
	EndGlobalSection
	GlobalSection(SolutionProperties) = preSolution
		HideSolutionNode = FALSE
	EndGlobalSection
EndGlobal
